
Microsoft Visual Studio Solution File, Format Version 12.00
# Visual Studio Version 17
VisualStudioVersion = 17.2.32630.192
MinimumVisualStudioVersion = 10.0.40219.1
Project("{FAE04EC0-301F-11D3-BF4B-00C04F79EFBC}") = "ets2Cheat", "ets2Cheat\ets2Cheat.csproj", "{9281E4A3-25F4-4046-9AC5-7C7018BAE6D4}"
EndProject
Global
	GlobalSection(SolutionConfigurationPlatforms) = preSolution
		Debug|Any CPU = Debug|Any CPU
		Release|Any CPU = Release|Any CPU
	EndGlobalSection
	GlobalSection(ProjectConfigurationPlatforms) = postSolution
		{9281E4A3-25F4-4046-9AC5-7C7018BAE6D4}.Debug|Any CPU.ActiveCfg = Debug|Any CPU
		{9281E4A3-25F4-4046-9AC5-7C7018BAE6D4}.Debug|Any CPU.Build.0 = Debug|Any CPU
		{9281E4A3-25F4-4046-9AC5-7C7018BAE6D4}.Release|Any CPU.ActiveCfg = Release|Any CPU
		{9281E4A3-25F4-4046-9AC5-7C7018BAE6D4}.Release|Any CPU.Build.0 = Release|Any CPU
	EndGlobalSection
	GlobalSection(SolutionProperties) = preSolution
		HideSolutionNode = FALSE
	EndGlobalSection
	GlobalSection(ExtensibilityGlobals) = postSolution
		SolutionGuid = {5641CBE4-046E-4BF3-AC74-F7096EFD92CA}
	EndGlobalSection
EndGlobal
